// !$*UTF8*$!
{
	archiveVersion = 1;
	classes = {
	};
	objectVersion = 46;
	objects = {

/* Begin PBXBuildFile section */
		0A389DAAB55F3647D6BFE826 /* LaunchScreen.xib in Sources */ = {isa = PBXBuildFile; fileRef = A615071A3E0E29FA76A7A18F /* LaunchScreen.xib */; };
		68FBDF8F3F03DD46EC42052C /* Settings.bundle in Resources */ = {isa = PBXBuildFile; fileRef = 53A7F3169D139FADE41A36DC /* Settings.bundle */; };
		75319DB91B185B78002C7AFF /* SwiftDailyAPI.framework in Frameworks */ = {isa = PBXBuildFile; fileRef = 75319DB81B185B78002C7AFF /* SwiftDailyAPI.framework */; };
		75319DC01B185CCC002C7AFF /* Alamofire.framework in Frameworks */ = {isa = PBXBuildFile; fileRef = 75319DBC1B185CCC002C7AFF /* Alamofire.framework */; };
		75319DC11B185CCC002C7AFF /* Argo.framework in Frameworks */ = {isa = PBXBuildFile; fileRef = 75319DBD1B185CCC002C7AFF /* Argo.framework */; };
		75319DC31B185CCC002C7AFF /* Runes.framework in Frameworks */ = {isa = PBXBuildFile; fileRef = 75319DBF1B185CCC002C7AFF /* Runes.framework */; };
		75319DC61B186129002C7AFF /* Main.storyboard in Resources */ = {isa = PBXBuildFile; fileRef = 75319DC51B186129002C7AFF /* Main.storyboard */; };
		75319DC81B1862B3002C7AFF /* DailyNewsTableViewController.swift in Sources */ = {isa = PBXBuildFile; fileRef = 75319DC71B1862B3002C7AFF /* DailyNewsTableViewController.swift */; };
		804DE10931FA5CF660E03B97 /* Foundation.framework in Frameworks */ = {isa = PBXBuildFile; fileRef = A2825127A607282C39E0F1BC /* Foundation.framework */; };
		AA19C7BC16CC67DCFC66C942 /* Images.xcassets in Resources */ = {isa = PBXBuildFile; fileRef = 4F08D643C6E97F049401D001 /* Images.xcassets */; };
		F5EE18F0364EB2271006B8EE /* AppDelegate.swift in Sources */ = {isa = PBXBuildFile; fileRef = 77B8F550C63E1DA40B057990 /* AppDelegate.swift */; };
/* End PBXBuildFile section */

/* Begin PBXContainerItemProxy section */
		E1A4547FA99B6D12A01CDA91 /* PBXContainerItemProxy */ = {
			isa = PBXContainerItemProxy;
			containerPortal = D44710040B31DCE5A226D18C /* Project object */;
			proxyType = 1;
			remoteGlobalIDString = 12511B603CA7D5745D74607B;
			remoteInfo = "SwiftDaily-ZhiHu";
		};
/* End PBXContainerItemProxy section */

/* Begin PBXFileReference section */
		27B95EED14E7F47CBD4CAA82 /* Info.plist */ = {isa = PBXFileReference; includeInIndex = 1; lastKnownFileType = text.plist.xml; path = Info.plist; sourceTree = "<group>"; };
		4F08D643C6E97F049401D001 /* Images.xcassets */ = {isa = PBXFileReference; includeInIndex = 1; lastKnownFileType = folder.assetcatalog; path = Images.xcassets; sourceTree = "<group>"; };
		52C9FA22CE00F500FA5C320C /* SwiftDaily-ZhiHu.app */ = {isa = PBXFileReference; explicitFileType = wrapper.application; includeInIndex = 0; path = "SwiftDaily-ZhiHu.app"; sourceTree = BUILT_PRODUCTS_DIR; };
		53A7F3169D139FADE41A36DC /* Settings.bundle */ = {isa = PBXFileReference; includeInIndex = 1; lastKnownFileType = "wrapper.plug-in"; path = Settings.bundle; sourceTree = "<group>"; };
		75319DB81B185B78002C7AFF /* SwiftDailyAPI.framework */ = {isa = PBXFileReference; lastKnownFileType = wrapper.framework; name = SwiftDailyAPI.framework; path = Carthage/Build/iOS/SwiftDailyAPI.framework; sourceTree = "<group>"; };
		75319DBC1B185CCC002C7AFF /* Alamofire.framework */ = {isa = PBXFileReference; lastKnownFileType = wrapper.framework; name = Alamofire.framework; path = Carthage/Build/iOS/Alamofire.framework; sourceTree = "<group>"; };
		75319DBD1B185CCC002C7AFF /* Argo.framework */ = {isa = PBXFileReference; lastKnownFileType = wrapper.framework; name = Argo.framework; path = Carthage/Build/iOS/Argo.framework; sourceTree = "<group>"; };
		75319DBE1B185CCC002C7AFF /* Box.framework */ = {isa = PBXFileReference; lastKnownFileType = wrapper.framework; name = Box.framework; path = Carthage/Build/iOS/Box.framework; sourceTree = "<group>"; };
		75319DBF1B185CCC002C7AFF /* Runes.framework */ = {isa = PBXFileReference; lastKnownFileType = wrapper.framework; name = Runes.framework; path = Carthage/Build/iOS/Runes.framework; sourceTree = "<group>"; };
		75319DC51B186129002C7AFF /* Main.storyboard */ = {isa = PBXFileReference; fileEncoding = 4; lastKnownFileType = file.storyboard; path = Main.storyboard; sourceTree = "<group>"; };
		75319DC71B1862B3002C7AFF /* DailyNewsTableViewController.swift */ = {isa = PBXFileReference; fileEncoding = 4; lastKnownFileType = sourcecode.swift; path = DailyNewsTableViewController.swift; sourceTree = "<group>"; };
		77B8F550C63E1DA40B057990 /* AppDelegate.swift */ = {isa = PBXFileReference; includeInIndex = 1; lastKnownFileType = sourcecode.swift; path = AppDelegate.swift; sourceTree = "<group>"; };
		A2825127A607282C39E0F1BC /* Foundation.framework */ = {isa = PBXFileReference; lastKnownFileType = wrapper.framework; name = Foundation.framework; path = Platforms/iPhoneOS.platform/Developer/SDKs/iPhoneOS7.1.sdk/System/Library/Frameworks/Foundation.framework; sourceTree = DEVELOPER_DIR; };
		A615071A3E0E29FA76A7A18F /* LaunchScreen.xib */ = {isa = PBXFileReference; includeInIndex = 1; lastKnownFileType = file.xib; path = LaunchScreen.xib; sourceTree = "<group>"; };
		EC30B3D99F0E82B348ECD582 /* Tests-Info.plist */ = {isa = PBXFileReference; includeInIndex = 1; lastKnownFileType = text.plist.xml; path = "Tests-Info.plist"; sourceTree = "<group>"; };
		EE5B14BBAFDC2260E84045E0 /* Tests.xctest */ = {isa = PBXFileReference; explicitFileType = wrapper.cfbundle; includeInIndex = 0; path = Tests.xctest; sourceTree = BUILT_PRODUCTS_DIR; };
/* End PBXFileReference section */

/* Begin PBXFrameworksBuildPhase section */
		4D270C3C16E5A9003FED6F38 /* Frameworks */ = {
			isa = PBXFrameworksBuildPhase;
			buildActionMask = 2147483647;
			files = (
				75319DC01B185CCC002C7AFF /* Alamofire.framework in Frameworks */,
				75319DC11B185CCC002C7AFF /* Argo.framework in Frameworks */,
				75319DC31B185CCC002C7AFF /* Runes.framework in Frameworks */,
				75319DB91B185B78002C7AFF /* SwiftDailyAPI.framework in Frameworks */,
				804DE10931FA5CF660E03B97 /* Foundation.framework in Frameworks */,
			);
			runOnlyForDeploymentPostprocessing = 0;
		};
		84AC032510C182299E774A3C /* Frameworks */ = {
			isa = PBXFrameworksBuildPhase;
			buildActionMask = 2147483647;
			files = (
			);
			runOnlyForDeploymentPostprocessing = 0;
		};
/* End PBXFrameworksBuildPhase section */

/* Begin PBXGroup section */
		03E9D182DF964597BC512808 /* Storyboards */ = {
			isa = PBXGroup;
			children = (
				75319DC51B186129002C7AFF /* Main.storyboard */,
			);
			path = Storyboards;
			sourceTree = "<group>";
		};
		0A4F2D19AE2B78556A8E4D55 /* Resources */ = {
			isa = PBXGroup;
			children = (
				4F08D643C6E97F049401D001 /* Images.xcassets */,
				03E9D182DF964597BC512808 /* Storyboards */,
				BC5FE13C1FA9202FF88FAC86 /* Nibs */,
				2CB8B413AF729E207957BA02 /* Other-Sources */,
				53A7F3169D139FADE41A36DC /* Settings.bundle */,
			);
			path = Resources;
			sourceTree = "<group>";
		};
		24F0727EFD1FF55A3E83E0EE /* Helpers */ = {
			isa = PBXGroup;
			children = (
			);
			path = Helpers;
			sourceTree = "<group>";
		};
		27ECEA9EC005624EEE082053 /* Resources */ = {
			isa = PBXGroup;
			children = (
				EC30B3D99F0E82B348ECD582 /* Tests-Info.plist */,
			);
			path = Resources;
			sourceTree = "<group>";
		};
		2CB8B413AF729E207957BA02 /* Other-Sources */ = {
			isa = PBXGroup;
			children = (
				27B95EED14E7F47CBD4CAA82 /* Info.plist */,
			);
			path = "Other-Sources";
			sourceTree = "<group>";
		};
		2F86C9BF421F42233AE8C728 = {
			isa = PBXGroup;
			children = (
				AF50E22BB1E9047DB1984BDC /* SwiftDaily-ZhiHu */,
				DC87B43A4642B05E70BD23AC /* Tests */,
				E49DF56F2BC794B49520D378 /* Frameworks */,
				77B0025CE50227FDA7A081CF /* Products */,
			);
			indentWidth = 4;
			sourceTree = "<group>";
			tabWidth = 4;
			usesTabs = 0;
		};
		35A4CA379E3D9D773C1534FB /* Models */ = {
			isa = PBXGroup;
			children = (
			);
			path = Models;
			sourceTree = "<group>";
		};
		4EA38790331E27671DB2B23D /* Controllers */ = {
			isa = PBXGroup;
			children = (
				77B8F550C63E1DA40B057990 /* AppDelegate.swift */,
				75319DC71B1862B3002C7AFF /* DailyNewsTableViewController.swift */,
			);
			path = Controllers;
			sourceTree = "<group>";
		};
		5B9FA86DFF8CF015C0856958 /* iOS */ = {
			isa = PBXGroup;
			children = (
				A2825127A607282C39E0F1BC /* Foundation.framework */,
			);
			name = iOS;
			sourceTree = "<group>";
		};
		77B0025CE50227FDA7A081CF /* Products */ = {
			isa = PBXGroup;
			children = (
				52C9FA22CE00F500FA5C320C /* SwiftDaily-ZhiHu.app */,
				EE5B14BBAFDC2260E84045E0 /* Tests.xctest */,
			);
			name = Products;
			sourceTree = "<group>";
		};
		783EA261191609EFD4E88B63 /* Views */ = {
			isa = PBXGroup;
			children = (
			);
			path = Views;
			sourceTree = "<group>";
		};
		7DB5447E3DB79858FD73E269 /* Extensions */ = {
			isa = PBXGroup;
			children = (
			);
			path = Extensions;
			sourceTree = "<group>";
		};
		8EBD8FDD230B23D5B4948E52 /* Helpers */ = {
			isa = PBXGroup;
			children = (
			);
			path = Helpers;
			sourceTree = "<group>";
		};
		ACA2D08C3EF27874FA4E972D /* ViewModels */ = {
			isa = PBXGroup;
			children = (
			);
			path = ViewModels;
			sourceTree = "<group>";
		};
		AF01A2228DFD7AB27B53CEE4 /* Protocols */ = {
			isa = PBXGroup;
			children = (
			);
			path = Protocols;
			sourceTree = "<group>";
		};
		AF50E22BB1E9047DB1984BDC /* SwiftDaily-ZhiHu */ = {
			isa = PBXGroup;
			children = (
				7DB5447E3DB79858FD73E269 /* Extensions */,
				AF01A2228DFD7AB27B53CEE4 /* Protocols */,
				35A4CA379E3D9D773C1534FB /* Models */,
				ACA2D08C3EF27874FA4E972D /* ViewModels */,
				4EA38790331E27671DB2B23D /* Controllers */,
				783EA261191609EFD4E88B63 /* Views */,
				24F0727EFD1FF55A3E83E0EE /* Helpers */,
				0A4F2D19AE2B78556A8E4D55 /* Resources */,
			);
			path = "SwiftDaily-ZhiHu";
			sourceTree = "<group>";
		};
		B35F51E53E5DAF2D5554E62A /* Tests */ = {
			isa = PBXGroup;
			children = (
			);
			path = Tests;
			sourceTree = "<group>";
		};
		BC5FE13C1FA9202FF88FAC86 /* Nibs */ = {
			isa = PBXGroup;
			children = (
				A615071A3E0E29FA76A7A18F /* LaunchScreen.xib */,
			);
			path = Nibs;
			sourceTree = "<group>";
		};
		DC87B43A4642B05E70BD23AC /* Tests */ = {
			isa = PBXGroup;
			children = (
				27ECEA9EC005624EEE082053 /* Resources */,
				8EBD8FDD230B23D5B4948E52 /* Helpers */,
				B35F51E53E5DAF2D5554E62A /* Tests */,
			);
			path = Tests;
			sourceTree = "<group>";
		};
		E49DF56F2BC794B49520D378 /* Frameworks */ = {
			isa = PBXGroup;
			children = (
				75319DBC1B185CCC002C7AFF /* Alamofire.framework */,
				75319DBD1B185CCC002C7AFF /* Argo.framework */,
				75319DBE1B185CCC002C7AFF /* Box.framework */,
				75319DBF1B185CCC002C7AFF /* Runes.framework */,
				75319DB81B185B78002C7AFF /* SwiftDailyAPI.framework */,
				5B9FA86DFF8CF015C0856958 /* iOS */,
			);
			name = Frameworks;
			sourceTree = "<group>";
		};
/* End PBXGroup section */

/* Begin PBXNativeTarget section */
		12511B603CA7D5745D74607B /* SwiftDaily-ZhiHu */ = {
			isa = PBXNativeTarget;
			buildConfigurationList = C239C99E9E8DC8FCCAF4B539 /* Build configuration list for PBXNativeTarget "SwiftDaily-ZhiHu" */;
			buildPhases = (
				908FE7198081195EBC98B969 /* Sources */,
				4D270C3C16E5A9003FED6F38 /* Frameworks */,
				DFBCA3D860BBEE6AEF8D3C61 /* Resources */,
				D826765707DA550C75E3BBF5 /* Warn for TODO and FIXME comments */,
				1C4889639ABA730816AD2D98 /* Set version number */,
				75319DC41B185CFB002C7AFF /* Copy Frameworks */,
			);
			buildRules = (
			);
			dependencies = (
			);
			name = "SwiftDaily-ZhiHu";
			productName = "SwiftDaily-ZhiHu";
			productReference = 52C9FA22CE00F500FA5C320C /* SwiftDaily-ZhiHu.app */;
			productType = "com.apple.product-type.application";
		};
		9FE8FA9678126A724878360E /* Tests */ = {
			isa = PBXNativeTarget;
			buildConfigurationList = D52FE1E376FDF34F6B4933E2 /* Build configuration list for PBXNativeTarget "Tests" */;
			buildPhases = (
				EE29642938CC1D4BF61A0B25 /* Sources */,
				84AC032510C182299E774A3C /* Frameworks */,
				2AD3A1039F3E72B2160500A6 /* Resources */,
			);
			buildRules = (
			);
			dependencies = (
				9445C2D40A443E8549D03603 /* PBXTargetDependency */,
			);
			name = Tests;
			productName = Tests;
			productReference = EE5B14BBAFDC2260E84045E0 /* Tests.xctest */;
			productType = "com.apple.product-type.bundle.unit-test";
		};
/* End PBXNativeTarget section */

/* Begin PBXProject section */
		D44710040B31DCE5A226D18C /* Project object */ = {
			isa = PBXProject;
			attributes = {
				CLASSPREFIX = "";
				LastUpgradeCheck = 0510;
				ORGANIZATIONNAME = nickTD;
			};
			buildConfigurationList = 0070CBD0117F0F506B599185 /* Build configuration list for PBXProject "SwiftDaily-ZhiHu" */;
			compatibilityVersion = "Xcode 3.2";
			developmentRegion = English;
			hasScannedForEncodings = 0;
			knownRegions = (
				en,
			);
			mainGroup = 2F86C9BF421F42233AE8C728;
			productRefGroup = 77B0025CE50227FDA7A081CF /* Products */;
			projectDirPath = "";
			projectRoot = "";
			targets = (
				12511B603CA7D5745D74607B /* SwiftDaily-ZhiHu */,
				9FE8FA9678126A724878360E /* Tests */,
			);
		};
/* End PBXProject section */

/* Begin PBXResourcesBuildPhase section */
		2AD3A1039F3E72B2160500A6 /* Resources */ = {
			isa = PBXResourcesBuildPhase;
			buildActionMask = 2147483647;
			files = (
			);
			runOnlyForDeploymentPostprocessing = 0;
		};
		DFBCA3D860BBEE6AEF8D3C61 /* Resources */ = {
			isa = PBXResourcesBuildPhase;
			buildActionMask = 2147483647;
			files = (
				75319DC61B186129002C7AFF /* Main.storyboard in Resources */,
				AA19C7BC16CC67DCFC66C942 /* Images.xcassets in Resources */,
				68FBDF8F3F03DD46EC42052C /* Settings.bundle in Resources */,
			);
			runOnlyForDeploymentPostprocessing = 0;
		};
/* End PBXResourcesBuildPhase section */

/* Begin PBXShellScriptBuildPhase section */
		1C4889639ABA730816AD2D98 /* Set version number */ = {
			isa = PBXShellScriptBuildPhase;
			buildActionMask = 2147483647;
			files = (
			);
			inputPaths = (
			);
			name = "Set version number";
			outputPaths = (
			);
			runOnlyForDeploymentPostprocessing = 0;
			shellPath = /bin/sh;
			shellScript = "git=$(sh /etc/profile; which git)\ngit_release_version=$(\"$git\" describe --tags --always --abbrev=0)\nnumber_of_commits=$(\"$git\" rev-list master | wc -l | tr -d ' ')\ntarget_plist=\"$TARGET_BUILD_DIR/$INFOPLIST_PATH\"\ndsym_plist=\"$DWARF_DSYM_FOLDER_PATH/$DWARF_DSYM_FILE_NAME/Contents/Info.plist\"\n\nfor plist in \"$target_plist\" \"$dsym_plist\"; do\n  if [ -f \"$plist\" ]; then\n    /usr/libexec/PlistBuddy -c \"Set :CFBundleVersion $number_of_commits\" \"$plist\"\n    /usr/libexec/PlistBuddy -c \"Set :CFBundleShortVersionString ${git_release_version#*v}\" \"$plist\"\n  fi\ndone\n";
		};
		75319DC41B185CFB002C7AFF /* Copy Frameworks */ = {
			isa = PBXShellScriptBuildPhase;
			buildActionMask = 2147483647;
			files = (
			);
			inputPaths = (
				"$(SRCROOT)/Carthage/Build/iOS/Alamofire.framework",
				"$(SRCROOT)/Carthage/Build/iOS/Argo.framework",
				"$(SRCROOT)/Carthage/Build/iOS/Box.framework",
				"$(SRCROOT)/Carthage/Build/iOS/Runes.framework",
				"$(SRCROOT)/Carthage/Build/iOS/SwiftDailyAPI.framework",
			);
			name = "Copy Frameworks";
			outputPaths = (
			);
			runOnlyForDeploymentPostprocessing = 0;
			shellPath = /bin/sh;
			shellScript = "/usr/local/bin/carthage copy-frameworks";
		};
		D826765707DA550C75E3BBF5 /* Warn for TODO and FIXME comments */ = {
			isa = PBXShellScriptBuildPhase;
			buildActionMask = 2147483647;
			files = (
			);
			inputPaths = (
			);
			name = "Warn for TODO and FIXME comments";
			outputPaths = (
			);
			runOnlyForDeploymentPostprocessing = 0;
			shellPath = /bin/sh;
			shellScript = "KEYWORDS=\"TODO:|FIXME:|\\?\\?\\?:|\\!\\!\\!:\"\nFILE_EXTENSIONS=\"swift|h|m|mm|c|cpp\"\nfind -E \"${SRCROOT}\" -ipath \"${SRCROOT}/pods\" -prune -o \\( -regex \".*\\.($FILE_EXTENSIONS)$\" \\) -print0 | xargs -0 egrep --with-filename --line-number --only-matching \"($KEYWORDS).*\\$\" | perl -p -e \"s/($KEYWORDS)/ warning: \\$1/\"\n";
		};
/* End PBXShellScriptBuildPhase section */

/* Begin PBXSourcesBuildPhase section */
		908FE7198081195EBC98B969 /* Sources */ = {
			isa = PBXSourcesBuildPhase;
			buildActionMask = 2147483647;
			files = (
				75319DC81B1862B3002C7AFF /* DailyNewsTableViewController.swift in Sources */,
				F5EE18F0364EB2271006B8EE /* AppDelegate.swift in Sources */,
				0A389DAAB55F3647D6BFE826 /* LaunchScreen.xib in Sources */,
			);
			runOnlyForDeploymentPostprocessing = 0;
		};
		EE29642938CC1D4BF61A0B25 /* Sources */ = {
			isa = PBXSourcesBuildPhase;
			buildActionMask = 2147483647;
			files = (
			);
			runOnlyForDeploymentPostprocessing = 0;
		};
/* End PBXSourcesBuildPhase section */

/* Begin PBXTargetDependency section */
		9445C2D40A443E8549D03603 /* PBXTargetDependency */ = {
			isa = PBXTargetDependency;
			target = 12511B603CA7D5745D74607B /* SwiftDaily-ZhiHu */;
			targetProxy = E1A4547FA99B6D12A01CDA91 /* PBXContainerItemProxy */;
		};
/* End PBXTargetDependency section */

/* Begin XCBuildConfiguration section */
		38F69DB729EAC67FC16B955B /* Debug */ = {
			isa = XCBuildConfiguration;
			buildSettings = {
				ALWAYS_SEARCH_USER_PATHS = NO;
				COPY_PHASE_STRIP = NO;
				DSTROOT = /tmp/xcodeproj.dst;
				FRAMEWORK_SEARCH_PATHS = (
					"$(inherited)",
					"$(PROJECT_DIR)/Carthage/Build/iOS",
				);
				GCC_DYNAMIC_NO_PIC = NO;
				GCC_OPTIMIZATION_LEVEL = 0;
				GCC_PRECOMPILE_PREFIX_HEADER = YES;
				GCC_PREPROCESSOR_DEFINITIONS = (
					"DEBUG=1",
					"$(inherited)",
				);
				GCC_SYMBOLS_PRIVATE_EXTERN = NO;
				INFOPLIST_FILE = "SwiftDaily-ZhiHu/Resources/Other-Sources/Info.plist";
				INSTALL_PATH = "$(BUILT_PRODUCTS_DIR)";
				IPHONEOS_DEPLOYMENT_TARGET = 8.3;
				LD_RUNPATH_SEARCH_PATHS = "$(inherited) @executable_path/Frameworks";
				PRODUCT_NAME = "$(TARGET_NAME)";
				PUBLIC_HEADERS_FOLDER_PATH = "$(TARGET_NAME)";
				SDKROOT = iphoneos;
			};
			name = Debug;
		};
		9124AA133EAF46BA7FCE906C /* Debug */ = {
			isa = XCBuildConfiguration;
			buildSettings = {
				BUNDLE_LOADER = "$(BUILT_PRODUCTS_DIR)/SwiftDaily-ZhiHu.app/SwiftDaily-ZhiHu";
				FRAMEWORK_SEARCH_PATHS = (
					"$(SDKROOT)/Developer/Library/Frameworks",
					"$(inherited)",
					"$(DEVELOPER_FRAMEWORKS_DIR)",
				);
				INFOPLIST_FILE = "Tests/Resources/Tests-Info.plist";
				PRODUCT_NAME = "$(TARGET_NAME)";
				SDKROOT = iphoneos;
				SKIP_INSTALL = YES;
				TEST_HOST = "$(BUNDLE_LOADER)";
				WRAPPER_EXTENSION = xctest;
			};
			name = Debug;
		};
		9674B3A0CD65E3E2B6345D91 /* Release */ = {
			isa = XCBuildConfiguration;
			buildSettings = {
				ALWAYS_SEARCH_USER_PATHS = NO;
				ASSETCATALOG_COMPILER_APPICON_NAME = AppIcon;
				CLANG_CXX_LANGUAGE_STANDARD = "gnu++0x";
				CLANG_CXX_LIBRARY = "libc++";
				CLANG_ENABLE_MODULES = YES;
				CLANG_ENABLE_OBJC_ARC = YES;
				CLANG_WARN_BOOL_CONVERSION = YES;
				CLANG_WARN_CONSTANT_CONVERSION = YES;
				CLANG_WARN_DEPRECATED_OBJC_IMPLEMENTATIONS = YES;
				CLANG_WARN_DIRECT_OBJC_ISA_USAGE = YES;
				CLANG_WARN_EMPTY_BODY = YES;
				CLANG_WARN_ENUM_CONVERSION = YES;
				CLANG_WARN_IMPLICIT_SIGN_CONVERSION = YES;
				CLANG_WARN_INT_CONVERSION = YES;
				CLANG_WARN_OBJC_IMPLICIT_RETAIN_SELF = YES;
				CLANG_WARN_OBJC_ROOT_CLASS = YES;
				CLANG_WARN_SUSPICIOUS_IMPLICIT_CONVERSION = YES;
				"CODE_SIGN_IDENTITY[sdk=iphoneos*]" = "iPhone Developer";
				COPY_PHASE_STRIP = NO;
				ENABLE_NS_ASSERTIONS = NO;
				GCC_C_LANGUAGE_STANDARD = gnu99;
				GCC_WARN_64_TO_32_BIT_CONVERSION = YES;
				GCC_WARN_ABOUT_DEPRECATED_FUNCTIONS = YES;
				GCC_WARN_ABOUT_MISSING_FIELD_INITIALIZERS = YES;
				GCC_WARN_ABOUT_MISSING_NEWLINE = YES;
				GCC_WARN_ABOUT_RETURN_TYPE = YES;
				GCC_WARN_CHECK_SWITCH_STATEMENTS = YES;
				GCC_WARN_INITIALIZER_NOT_FULLY_BRACKETED = YES;
				GCC_WARN_MISSING_PARENTHESES = YES;
				GCC_WARN_SHADOW = YES;
				GCC_WARN_SIGN_COMPARE = YES;
				GCC_WARN_TYPECHECK_CALLS_TO_PRINTF = YES;
				GCC_WARN_UNDECLARED_SELECTOR = YES;
				GCC_WARN_UNINITIALIZED_AUTOS = YES;
				GCC_WARN_UNUSED_FUNCTION = YES;
				GCC_WARN_UNUSED_LABEL = YES;
				GCC_WARN_UNUSED_VALUE = YES;
				GCC_WARN_UNUSED_VARIABLE = YES;
				IPHONEOS_DEPLOYMENT_TARGET = 8.0;
				RUN_CLANG_STATIC_ANALYZER = YES;
				SDKROOT = iphoneos;
				VALIDATE_PRODUCT = YES;
			};
			name = Release;
		};
		A80BD04A68313773D47C144B /* Debug */ = {
			isa = XCBuildConfiguration;
			buildSettings = {
				ALWAYS_SEARCH_USER_PATHS = NO;
				ASSETCATALOG_COMPILER_APPICON_NAME = AppIcon;
				CLANG_CXX_LANGUAGE_STANDARD = "gnu++0x";
				CLANG_CXX_LIBRARY = "libc++";
				CLANG_ENABLE_MODULES = YES;
				CLANG_ENABLE_OBJC_ARC = YES;
				CLANG_WARN_BOOL_CONVERSION = YES;
				CLANG_WARN_CONSTANT_CONVERSION = YES;
				CLANG_WARN_DEPRECATED_OBJC_IMPLEMENTATIONS = YES;
				CLANG_WARN_DIRECT_OBJC_ISA_USAGE = YES;
				CLANG_WARN_EMPTY_BODY = YES;
				CLANG_WARN_ENUM_CONVERSION = YES;
				CLANG_WARN_IMPLICIT_SIGN_CONVERSION = YES;
				CLANG_WARN_INT_CONVERSION = YES;
				CLANG_WARN_OBJC_IMPLICIT_RETAIN_SELF = YES;
				CLANG_WARN_OBJC_ROOT_CLASS = YES;
				CLANG_WARN_SUSPICIOUS_IMPLICIT_CONVERSION = YES;
				"CODE_SIGN_IDENTITY[sdk=iphoneos*]" = "iPhone Developer";
				COPY_PHASE_STRIP = YES;
				GCC_C_LANGUAGE_STANDARD = gnu99;
				GCC_DYNAMIC_NO_PIC = NO;
				GCC_OPTIMIZATION_LEVEL = 0;
				GCC_PREPROCESSOR_DEFINITIONS = (
					"DEBUG=1",
					"$(inherited)",
				);
				GCC_SYMBOLS_PRIVATE_EXTERN = NO;
				GCC_WARN_64_TO_32_BIT_CONVERSION = YES;
				GCC_WARN_ABOUT_DEPRECATED_FUNCTIONS = YES;
				GCC_WARN_ABOUT_MISSING_FIELD_INITIALIZERS = YES;
				GCC_WARN_ABOUT_MISSING_NEWLINE = YES;
				GCC_WARN_ABOUT_RETURN_TYPE = YES;
				GCC_WARN_CHECK_SWITCH_STATEMENTS = YES;
				GCC_WARN_INITIALIZER_NOT_FULLY_BRACKETED = YES;
				GCC_WARN_MISSING_PARENTHESES = YES;
				GCC_WARN_SHADOW = YES;
				GCC_WARN_SIGN_COMPARE = YES;
				GCC_WARN_TYPECHECK_CALLS_TO_PRINTF = YES;
				GCC_WARN_UNDECLARED_SELECTOR = YES;
				GCC_WARN_UNINITIALIZED_AUTOS = YES;
				GCC_WARN_UNUSED_FUNCTION = YES;
				GCC_WARN_UNUSED_LABEL = YES;
				GCC_WARN_UNUSED_VALUE = YES;
				GCC_WARN_UNUSED_VARIABLE = YES;
				IPHONEOS_DEPLOYMENT_TARGET = 8.0;
				ONLY_ACTIVE_ARCH = YES;
				RUN_CLANG_STATIC_ANALYZER = YES;
				SDKROOT = iphoneos;
			};
			name = Debug;
		};
		AC1ED5F446219C1ADFEA2129 /* Release */ = {
			isa = XCBuildConfiguration;
			buildSettings = {
				ALWAYS_SEARCH_USER_PATHS = NO;
				COPY_PHASE_STRIP = YES;
				DSTROOT = /tmp/xcodeproj.dst;
				FRAMEWORK_SEARCH_PATHS = (
					"$(inherited)",
					"$(PROJECT_DIR)/Carthage/Build/iOS",
				);
				GCC_PRECOMPILE_PREFIX_HEADER = YES;
				GCC_TREAT_WARNINGS_AS_ERRORS = YES;
				INFOPLIST_FILE = "SwiftDaily-ZhiHu/Resources/Other-Sources/Info.plist";
				INSTALL_PATH = "$(BUILT_PRODUCTS_DIR)";
				IPHONEOS_DEPLOYMENT_TARGET = 8.3;
				LD_RUNPATH_SEARCH_PATHS = "$(inherited) @executable_path/Frameworks";
				OTHER_CFLAGS = (
					"-DNS_BLOCK_ASSERTIONS=1",
					"$(inherited)",
				);
				OTHER_CPLUSPLUSFLAGS = (
					"-DNS_BLOCK_ASSERTIONS=1",
					"$(inherited)",
				);
				PRODUCT_NAME = "$(TARGET_NAME)";
				PUBLIC_HEADERS_FOLDER_PATH = "$(TARGET_NAME)";
				SDKROOT = iphoneos;
				VALIDATE_PRODUCT = YES;
			};
			name = Release;
		};
		F09784D22A8FD890FA64CCF4 /* Release */ = {
			isa = XCBuildConfiguration;
			buildSettings = {
				BUNDLE_LOADER = "$(BUILT_PRODUCTS_DIR)/SwiftDaily-ZhiHu.app/SwiftDaily-ZhiHu";
				FRAMEWORK_SEARCH_PATHS = (
					"$(SDKROOT)/Developer/Library/Frameworks",
					"$(inherited)",
					"$(DEVELOPER_FRAMEWORKS_DIR)",
				);
				INFOPLIST_FILE = "Tests/Resources/Tests-Info.plist";
				PRODUCT_NAME = "$(TARGET_NAME)";
				SDKROOT = iphoneos;
				SKIP_INSTALL = YES;
				TEST_HOST = "$(BUNDLE_LOADER)";
				WRAPPER_EXTENSION = xctest;
			};
			name = Release;
		};
/* End XCBuildConfiguration section */

/* Begin XCConfigurationList section */
		0070CBD0117F0F506B599185 /* Build configuration list for PBXProject "SwiftDaily-ZhiHu" */ = {
			isa = XCConfigurationList;
			buildConfigurations = (
				A80BD04A68313773D47C144B /* Debug */,
				9674B3A0CD65E3E2B6345D91 /* Release */,
			);
			defaultConfigurationIsVisible = 0;
			defaultConfigurationName = Release;
		};
		C239C99E9E8DC8FCCAF4B539 /* Build configuration list for PBXNativeTarget "SwiftDaily-ZhiHu" */ = {
			isa = XCConfigurationList;
			buildConfigurations = (
				AC1ED5F446219C1ADFEA2129 /* Release */,
				38F69DB729EAC67FC16B955B /* Debug */,
			);
			defaultConfigurationIsVisible = 0;
			defaultConfigurationName = Release;
		};
		D52FE1E376FDF34F6B4933E2 /* Build configuration list for PBXNativeTarget "Tests" */ = {
			isa = XCConfigurationList;
			buildConfigurations = (
				F09784D22A8FD890FA64CCF4 /* Release */,
				9124AA133EAF46BA7FCE906C /* Debug */,
			);
			defaultConfigurationIsVisible = 0;
			defaultConfigurationName = Release;
		};
/* End XCConfigurationList section */
	};
	rootObject = D44710040B31DCE5A226D18C /* Project object */;
}
